
Microsoft Visual Studio Solution File, Format Version 12.00
# Visual Studio Version 16
VisualStudioVersion = 16.0.30907.101
MinimumVisualStudioVersion = 10.0.40219.1
Project("{FAE04EC0-301F-11D3-BF4B-00C04F79EFBC}") = "DiscordBotUI", "DiscordBotUI\DiscordBotUI.csproj", "{EF91AC29-CE8C-4740-B3AA-D825EE8346A2}"
EndProject
Global
	GlobalSection(SolutionConfigurationPlatforms) = preSolution
		Debug|Any CPU = Debug|Any CPU
		Release|Any CPU = Release|Any CPU
	EndGlobalSection
	GlobalSection(ProjectConfigurationPlatforms) = postSolution
		{EF91AC29-CE8C-4740-B3AA-D825EE8346A2}.Debug|Any CPU.ActiveCfg = Debug|Any CPU
		{EF91AC29-CE8C-4740-B3AA-D825EE8346A2}.Debug|Any CPU.Build.0 = Debug|Any CPU
		{EF91AC29-CE8C-4740-B3AA-D825EE8346A2}.Release|Any CPU.ActiveCfg = Release|Any CPU
		{EF91AC29-CE8C-4740-B3AA-D825EE8346A2}.Release|Any CPU.Build.0 = Release|Any CPU
	EndGlobalSection
	GlobalSection(SolutionProperties) = preSolution
		HideSolutionNode = FALSE
	EndGlobalSection
	GlobalSection(ExtensibilityGlobals) = postSolution
		SolutionGuid = {97AB01BA-F735-4812-8394-19AFABA7AEAA}
	EndGlobalSection
EndGlobal
